lockfileVersion: 5.4

specifiers:
  '@types/colors': ^1.2.1
  '@types/node': ^18.14.0
  colors: ^1.4.0
  typescript: ^4.9.5

dependencies:
  colors: 1.4.0

devDependencies:
  '@types/colors': 1.2.1
  '@types/node': 18.14.0
  typescript: 4.9.5

packages:

  /@types/colors/1.2.1:
    resolution: {integrity: sha512-7jNkpfN2lVO07nJ1RWzyMnNhH/I5N9iWuMPx9pedptxJ4MODf8rRV0lbJi6RakQ4sKQk231Fw4e2W9n3D7gZ3w==}
    deprecated: This is a stub types definition. colors provides its own type definitions, so you don't need this installed.
    dependencies:
      colors: 1.4.0
    dev: true

  /@types/node/18.14.0:
    resolution: {integrity: sha512-5EWrvLmglK+imbCJY0+INViFWUHg1AHel1sq4ZVSfdcNqGy9Edv3UB9IIzzg+xPaUcAgZYcfVs2fBcwDeZzU0A==}
    dev: true

  /colors/1.4.0:
    resolution: {integrity: sha512-a+UqTh4kgZg/SlGvfbzDHpgRu7AAQOmmqRHJnxhRZICKFUT91brVhNNt58CMWU9PsBbv3PDCZUHbVxuDiH2mtA==}
    engines: {node: '>=0.1.90'}

  /typescript/4.9.5:
    resolution: {integrity: sha512-1FXk9E2Hm+QzZQ7z+McJiHL4NW1F2EzMu9Nq9i3zAaGqibafqYwCVU6WyWAuyQRRzOlxou8xZSyXLEN8oKj24g==}
    engines: {node: '>=4.2.0'}
    hasBin: true
    dev: true
